// !$*UTF8*$!
{
	archiveVersion = 1;
	classes = {
	};
	objectVersion = 50;
	objects = {

/* Begin PBXBuildFile section */
		31227C7C23D6F636004EE244 /* DetailView.swift in Sources */ = {isa = PBXBuildFile; fileRef = 31227C7B23D6F636004EE244 /* DetailView.swift */; };
		312BB30823D1947B0096D150 /* RatingView.swift in Sources */ = {isa = PBXBuildFile; fileRef = 312BB30723D1947B0096D150 /* RatingView.swift */; };
		312BE9C723ACCD7A007B82D2 /* AppDelegate.swift in Sources */ = {isa = PBXBuildFile; fileRef = 312BE9C623ACCD7A007B82D2 /* AppDelegate.swift */; };
		312BE9C923ACCD7A007B82D2 /* SceneDelegate.swift in Sources */ = {isa = PBXBuildFile; fileRef = 312BE9C823ACCD7A007B82D2 /* SceneDelegate.swift */; };
		312BE9CC23ACCD7A007B82D2 /* BookWorm.xcdatamodeld in Sources */ = {isa = PBXBuildFile; fileRef = 312BE9CA23ACCD7A007B82D2 /* BookWorm.xcdatamodeld */; };
		312BE9CE23ACCD7A007B82D2 /* ContentView.swift in Sources */ = {isa = PBXBuildFile; fileRef = 312BE9CD23ACCD7A007B82D2 /* ContentView.swift */; };
		312BE9D023ACCD7E007B82D2 /* Assets.xcassets in Resources */ = {isa = PBXBuildFile; fileRef = 312BE9CF23ACCD7E007B82D2 /* Assets.xcassets */; };
		312BE9D323ACCD7E007B82D2 /* Preview Assets.xcassets in Resources */ = {isa = PBXBuildFile; fileRef = 312BE9D223ACCD7E007B82D2 /* Preview Assets.xcassets */; };
		312BE9D623ACCD7E007B82D2 /* LaunchScreen.storyboard in Resources */ = {isa = PBXBuildFile; fileRef = 312BE9D423ACCD7E007B82D2 /* LaunchScreen.storyboard */; };
		313C11C923BC86E0001E2286 /* AddView.swift in Sources */ = {isa = PBXBuildFile; fileRef = 313C11C823BC86E0001E2286 /* AddView.swift */; };
		315C14A623D5C250002F425B /* EmojiRatingView.swift in Sources */ = {isa = PBXBuildFile; fileRef = 315C14A523D5C250002F425B /* EmojiRatingView.swift */; };
/* End PBXBuildFile section */

/* Begin PBXFileReference section */
		31227C7B23D6F636004EE244 /* DetailView.swift */ = {isa = PBXFileReference; lastKnownFileType = sourcecode.swift; path = DetailView.swift; sourceTree = "<group>"; };
		312BB30723D1947B0096D150 /* RatingView.swift */ = {isa = PBXFileReference; lastKnownFileType = sourcecode.swift; path = RatingView.swift; sourceTree = "<group>"; };
		312BE9C323ACCD7A007B82D2 /* BookWorm.app */ = {isa = PBXFileReference; explicitFileType = wrapper.application; includeInIndex = 0; path = BookWorm.app; sourceTree = BUILT_PRODUCTS_DIR; };
		312BE9C623ACCD7A007B82D2 /* AppDelegate.swift */ = {isa = PBXFileReference; lastKnownFileType = sourcecode.swift; path = AppDelegate.swift; sourceTree = "<group>"; };
		312BE9C823ACCD7A007B82D2 /* SceneDelegate.swift */ = {isa = PBXFileReference; lastKnownFileType = sourcecode.swift; path = SceneDelegate.swift; sourceTree = "<group>"; };
		312BE9CB23ACCD7A007B82D2 /* BookWorm.xcdatamodel */ = {isa = PBXFileReference; lastKnownFileType = wrapper.xcdatamodel; path = BookWorm.xcdatamodel; sourceTree = "<group>"; };
		312BE9CD23ACCD7A007B82D2 /* ContentView.swift */ = {isa = PBXFileReference; lastKnownFileType = sourcecode.swift; path = ContentView.swift; sourceTree = "<group>"; };
		312BE9CF23ACCD7E007B82D2 /* Assets.xcassets */ = {isa = PBXFileReference; lastKnownFileType = folder.assetcatalog; path = Assets.xcassets; sourceTree = "<group>"; };
		312BE9D223ACCD7E007B82D2 /* Preview Assets.xcassets */ = {isa = PBXFileReference; lastKnownFileType = folder.assetcatalog; path = "Preview Assets.xcassets"; sourceTree = "<group>"; };
		312BE9D523ACCD7E007B82D2 /* Base */ = {isa = PBXFileReference; lastKnownFileType = file.storyboard; name = Base; path = Base.lproj/LaunchScreen.storyboard; sourceTree = "<group>"; };
		312BE9D723ACCD7E007B82D2 /* Info.plist */ = {isa = PBXFileReference; lastKnownFileType = text.plist.xml; path = Info.plist; sourceTree = "<group>"; };
		313C11C823BC86E0001E2286 /* AddView.swift */ = {isa = PBXFileReference; lastKnownFileType = sourcecode.swift; path = AddView.swift; sourceTree = "<group>"; };
		315C14A523D5C250002F425B /* EmojiRatingView.swift */ = {isa = PBXFileReference; lastKnownFileType = sourcecode.swift; path = EmojiRatingView.swift; sourceTree = "<group>"; };
/* End PBXFileReference section */

/* Begin PBXFrameworksBuildPhase section */
		312BE9C023ACCD7A007B82D2 /* Frameworks */ = {
			isa = PBXFrameworksBuildPhase;
			buildActionMask = 2147483647;
			files = (
			);
			runOnlyForDeploymentPostprocessing = 0;
		};
/* End PBXFrameworksBuildPhase section */

/* Begin PBXGroup section */
		312BE9BA23ACCD7A007B82D2 = {
			isa = PBXGroup;
			children = (
				312BE9C523ACCD7A007B82D2 /* BookWorm */,
				312BE9C423ACCD7A007B82D2 /* Products */,
			);
			sourceTree = "<group>";
		};
		312BE9C423ACCD7A007B82D2 /* Products */ = {
			isa = PBXGroup;
			children = (
				312BE9C323ACCD7A007B82D2 /* BookWorm.app */,
			);
			name = Products;
			sourceTree = "<group>";
		};
		312BE9C523ACCD7A007B82D2 /* BookWorm */ = {
			isa = PBXGroup;
			children = (
				312BE9C623ACCD7A007B82D2 /* AppDelegate.swift */,
				312BE9C823ACCD7A007B82D2 /* SceneDelegate.swift */,
				312BE9CD23ACCD7A007B82D2 /* ContentView.swift */,
				312BE9CF23ACCD7E007B82D2 /* Assets.xcassets */,
				31227C7B23D6F636004EE244 /* DetailView.swift */,
				312BE9D423ACCD7E007B82D2 /* LaunchScreen.storyboard */,
				312BE9D723ACCD7E007B82D2 /* Info.plist */,
				312BE9CA23ACCD7A007B82D2 /* BookWorm.xcdatamodeld */,
				313C11C823BC86E0001E2286 /* AddView.swift */,
				315C14A523D5C250002F425B /* EmojiRatingView.swift */,
				312BB30723D1947B0096D150 /* RatingView.swift */,
				312BE9D123ACCD7E007B82D2 /* Preview Content */,
			);
			path = BookWorm;
			sourceTree = "<group>";
		};
		312BE9D123ACCD7E007B82D2 /* Preview Content */ = {
			isa = PBXGroup;
			children = (
				312BE9D223ACCD7E007B82D2 /* Preview Assets.xcassets */,
			);
			path = "Preview Content";
			sourceTree = "<group>";
		};
/* End PBXGroup section */

/* Begin PBXNativeTarget section */
		312BE9C223ACCD7A007B82D2 /* BookWorm */ = {
			isa = PBXNativeTarget;
			buildConfigurationList = 312BE9DA23ACCD7E007B82D2 /* Build configuration list for PBXNativeTarget "BookWorm" */;
			buildPhases = (
				312BE9BF23ACCD7A007B82D2 /* Sources */,
				312BE9C023ACCD7A007B82D2 /* Frameworks */,
				312BE9C123ACCD7A007B82D2 /* Resources */,
			);
			buildRules = (
			);
			dependencies = (
			);
			name = BookWorm;
			productName = BookWorm;
			productReference = 312BE9C323ACCD7A007B82D2 /* BookWorm.app */;
			productType = "com.apple.product-type.application";
		};
/* End PBXNativeTarget section */

/* Begin PBXProject section */
		312BE9BB23ACCD7A007B82D2 /* Project object */ = {
			isa = PBXProject;
			attributes = {
				LastSwiftUpdateCheck = 1130;
				LastUpgradeCheck = 1130;
				ORGANIZATIONNAME = "Ramit sharma";
				TargetAttributes = {
					312BE9C223ACCD7A007B82D2 = {
						CreatedOnToolsVersion = 11.3;
					};
				};
			};
			buildConfigurationList = 312BE9BE23ACCD7A007B82D2 /* Build configuration list for PBXProject "BookWorm" */;
			compatibilityVersion = "Xcode 9.3";
			developmentRegion = en;
			hasScannedForEncodings = 0;
			knownRegions = (
				en,
				Base,
			);
			mainGroup = 312BE9BA23ACCD7A007B82D2;
			productRefGroup = 312BE9C423ACCD7A007B82D2 /* Products */;
			projectDirPath = "";
			projectRoot = "";
			targets = (
				312BE9C223ACCD7A007B82D2 /* BookWorm */,
			);
		};
/* End PBXProject section */

/* Begin PBXResourcesBuildPhase section */
		312BE9C123ACCD7A007B82D2 /* Resources */ = {
			isa = PBXResourcesBuildPhase;
			buildActionMask = 2147483647;
			files = (
				312BE9D623ACCD7E007B82D2 /* LaunchScreen.storyboard in Resources */,
				312BE9D323ACCD7E007B82D2 /* Preview Assets.xcassets in Resources */,
				312BE9D023ACCD7E007B82D2 /* Assets.xcassets in Resources */,
			);
			runOnlyForDeploymentPostprocessing = 0;
		};
/* End PBXResourcesBuildPhase section */

/* Begin PBXSourcesBuildPhase section */
		312BE9BF23ACCD7A007B82D2 /* Sources */ = {
			isa = PBXSourcesBuildPhase;
			buildActionMask = 2147483647;
			files = (
				312BE9CC23ACCD7A007B82D2 /* BookWorm.xcdatamodeld in Sources */,
				31227C7C23D6F636004EE244 /* DetailView.swift in Sources */,
				312BE9C723ACCD7A007B82D2 /* AppDelegate.swift in Sources */,
				315C14A623D5C250002F425B /* EmojiRatingView.swift in Sources */,
				313C11C923BC86E0001E2286 /* AddView.swift in Sources */,
				312BB30823D1947B0096D150 /* RatingView.swift in Sources */,
				312BE9CE23ACCD7A007B82D2 /* ContentView.swift in Sources */,
				312BE9C923ACCD7A007B82D2 /* SceneDelegate.swift in Sources */,
			);
			runOnlyForDeploymentPostprocessing = 0;
		};
/* End PBXSourcesBuildPhase section */

/* Begin PBXVariantGroup section */
		312BE9D423ACCD7E007B82D2 /* LaunchScreen.storyboard */ = {
			isa = PBXVariantGroup;
			children = (
				312BE9D523ACCD7E007B82D2 /* Base */,
			);
			name = LaunchScreen.storyboard;
			sourceTree = "<group>";
		};
/* End PBXVariantGroup section */

/* Begin XCBuildConfiguration section */
		312BE9D823ACCD7E007B82D2 /* Debug */ = {
			isa = XCBuildConfiguration;
			buildSettings = {
				ALWAYS_SEARCH_USER_PATHS = NO;
				CLANG_ANALYZER_NONNULL = YES;
				CLANG_ANALYZER_NUMBER_OBJECT_CONVERSION = YES_AGGRESSIVE;
				CLANG_CXX_LANGUAGE_STANDARD = "gnu++14";
				CLANG_CXX_LIBRARY = "libc++";
				CLANG_ENABLE_MODULES = YES;
				CLANG_ENABLE_OBJC_ARC = YES;
				CLANG_ENABLE_OBJC_WEAK = YES;
				CLANG_WARN_BLOCK_CAPTURE_AUTORELEASING = YES;
				CLANG_WARN_BOOL_CONVERSION = YES;
				CLANG_WARN_COMMA = YES;
				CLANG_WARN_CONSTANT_CONVERSION = YES;
				CLANG_WARN_DEPRECATED_OBJC_IMPLEMENTATIONS = YES;
				CLANG_WARN_DIRECT_OBJC_ISA_USAGE = YES_ERROR;
				CLANG_WARN_DOCUMENTATION_COMMENTS = YES;
				CLANG_WARN_EMPTY_BODY = YES;
				CLANG_WARN_ENUM_CONVERSION = YES;
				CLANG_WARN_INFINITE_RECURSION = YES;
				CLANG_WARN_INT_CONVERSION = YES;
				CLANG_WARN_NON_LITERAL_NULL_CONVERSION = YES;
				CLANG_WARN_OBJC_IMPLICIT_RETAIN_SELF = YES;
				CLANG_WARN_OBJC_LITERAL_CONVERSION = YES;
				CLANG_WARN_OBJC_ROOT_CLASS = YES_ERROR;
				CLANG_WARN_RANGE_LOOP_ANALYSIS = YES;
				CLANG_WARN_STRICT_PROTOTYPES = YES;
				CLANG_WARN_SUSPICIOUS_MOVE = YES;
				CLANG_WARN_UNGUARDED_AVAILABILITY = YES_AGGRESSIVE;
				CLANG_WARN_UNREACHABLE_CODE = YES;
				CLANG_WARN__DUPLICATE_METHOD_MATCH = YES;
				COPY_PHASE_STRIP = NO;
				DEBUG_INFORMATION_FORMAT = dwarf;
				ENABLE_STRICT_OBJC_MSGSEND = YES;
				ENABLE_TESTABILITY = YES;
				GCC_C_LANGUAGE_STANDARD = gnu11;
				GCC_DYNAMIC_NO_PIC = NO;
				GCC_NO_COMMON_BLOCKS = YES;
				GCC_OPTIMIZATION_LEVEL = 0;
				GCC_PREPROCESSOR_DEFINITIONS = (
					"DEBUG=1",
					"$(inherited)",
				);
				GCC_WARN_64_TO_32_BIT_CONVERSION = YES;
				GCC_WARN_ABOUT_RETURN_TYPE = YES_ERROR;
				GCC_WARN_UNDECLARED_SELECTOR = YES;
				GCC_WARN_UNINITIALIZED_AUTOS = YES_AGGRESSIVE;
				GCC_WARN_UNUSED_FUNCTION = YES;
				GCC_WARN_UNUSED_VARIABLE = YES;
				IPHONEOS_DEPLOYMENT_TARGET = 13.2;
				MTL_ENABLE_DEBUG_INFO = INCLUDE_SOURCE;
				MTL_FAST_MATH = YES;
				ONLY_ACTIVE_ARCH = YES;
				SDKROOT = iphoneos;
				SWIFT_ACTIVE_COMPILATION_CONDITIONS = DEBUG;
				SWIFT_OPTIMIZATION_LEVEL = "-Onone";
			};
			name = Debug;
		};
		312BE9D923ACCD7E007B82D2 /* Release */ = {
			isa = XCBuildConfiguration;
			buildSettings = {
				ALWAYS_SEARCH_USER_PATHS = NO;
				CLANG_ANALYZER_NONNULL = YES;
				CLANG_ANALYZER_NUMBER_OBJECT_CONVERSION = YES_AGGRESSIVE;
				CLANG_CXX_LANGUAGE_STANDARD = "gnu++14";
				CLANG_CXX_LIBRARY = "libc++";
				CLANG_ENABLE_MODULES = YES;
				CLANG_ENABLE_OBJC_ARC = YES;
				CLANG_ENABLE_OBJC_WEAK = YES;
				CLANG_WARN_BLOCK_CAPTURE_AUTORELEASING = YES;
				CLANG_WARN_BOOL_CONVERSION = YES;
				CLANG_WARN_COMMA = YES;
				CLANG_WARN_CONSTANT_CONVERSION = YES;
				CLANG_WARN_DEPRECATED_OBJC_IMPLEMENTATIONS = YES;
				CLANG_WARN_DIRECT_OBJC_ISA_USAGE = YES_ERROR;
				CLANG_WARN_DOCUMENTATION_COMMENTS = YES;
				CLANG_WARN_EMPTY_BODY = YES;
				CLANG_WARN_ENUM_CONVERSION = YES;
				CLANG_WARN_INFINITE_RECURSION = YES;
				CLANG_WARN_INT_CONVERSION = YES;
				CLANG_WARN_NON_LITERAL_NULL_CONVERSION = YES;
				CLANG_WARN_OBJC_IMPLICIT_RETAIN_SELF = YES;
				CLANG_WARN_OBJC_LITERAL_CONVERSION = YES;
				CLANG_WARN_OBJC_ROOT_CLASS = YES_ERROR;
				CLANG_WARN_RANGE_LOOP_ANALYSIS = YES;
				CLANG_WARN_STRICT_PROTOTYPES = YES;
				CLANG_WARN_SUSPICIOUS_MOVE = YES;
				CLANG_WARN_UNGUARDED_AVAILABILITY = YES_AGGRESSIVE;
				CLANG_WARN_UNREACHABLE_CODE = YES;
				CLANG_WARN__DUPLICATE_METHOD_MATCH = YES;
				COPY_PHASE_STRIP = NO;
				DEBUG_INFORMATION_FORMAT = "dwarf-with-dsym";
				ENABLE_NS_ASSERTIONS = NO;
				ENABLE_STRICT_OBJC_MSGSEND = YES;
				GCC_C_LANGUAGE_STANDARD = gnu11;
				GCC_NO_COMMON_BLOCKS = YES;
				GCC_WARN_64_TO_32_BIT_CONVERSION = YES;
				GCC_WARN_ABOUT_RETURN_TYPE = YES_ERROR;
				GCC_WARN_UNDECLARED_SELECTOR = YES;
				GCC_WARN_UNINITIALIZED_AUTOS = YES_AGGRESSIVE;
				GCC_WARN_UNUSED_FUNCTION = YES;
				GCC_WARN_UNUSED_VARIABLE = YES;
				IPHONEOS_DEPLOYMENT_TARGET = 13.2;
				MTL_ENABLE_DEBUG_INFO = NO;
				MTL_FAST_MATH = YES;
				SDKROOT = iphoneos;
				SWIFT_COMPILATION_MODE = wholemodule;
				SWIFT_OPTIMIZATION_LEVEL = "-O";
				VALIDATE_PRODUCT = YES;
			};
			name = Release;
		};
		312BE9DB23ACCD7E007B82D2 /* Debug */ = {
			isa = XCBuildConfiguration;
			buildSettings = {
				ASSETCATALOG_COMPILER_APPICON_NAME = AppIcon;
				CODE_SIGN_STYLE = Automatic;
				DEVELOPMENT_ASSET_PATHS = "\"BookWorm/Preview Content\"";
				DEVELOPMENT_TEAM = L79F55H896;
				ENABLE_PREVIEWS = YES;
				INFOPLIST_FILE = BookWorm/Info.plist;
				LD_RUNPATH_SEARCH_PATHS = (
					"$(inherited)",
					"@executable_path/Frameworks",
				);
				PRODUCT_BUNDLE_IDENTIFIER = TestCorps.BookWorm;
				PRODUCT_NAME = "$(TARGET_NAME)";
				SWIFT_VERSION = 5.0;
				TARGETED_DEVICE_FAMILY = "1,2";
			};
			name = Debug;
		};
		312BE9DC23ACCD7E007B82D2 /* Release */ = {
			isa = XCBuildConfiguration;
			buildSettings = {
				ASSETCATALOG_COMPILER_APPICON_NAME = AppIcon;
				CODE_SIGN_STYLE = Automatic;
				DEVELOPMENT_ASSET_PATHS = "\"BookWorm/Preview Content\"";
				DEVELOPMENT_TEAM = L79F55H896;
				ENABLE_PREVIEWS = YES;
				INFOPLIST_FILE = BookWorm/Info.plist;
				LD_RUNPATH_SEARCH_PATHS = (
					"$(inherited)",
					"@executable_path/Frameworks",
				);
				PRODUCT_BUNDLE_IDENTIFIER = TestCorps.BookWorm;
				PRODUCT_NAME = "$(TARGET_NAME)";
				SWIFT_VERSION = 5.0;
				TARGETED_DEVICE_FAMILY = "1,2";
			};
			name = Release;
		};
/* End XCBuildConfiguration section */

/* Begin XCConfigurationList section */
		312BE9BE23ACCD7A007B82D2 /* Build configuration list for PBXProject "BookWorm" */ = {
			isa = XCConfigurationList;
			buildConfigurations = (
				312BE9D823ACCD7E007B82D2 /* Debug */,
				312BE9D923ACCD7E007B82D2 /* Release */,
			);
			defaultConfigurationIsVisible = 0;
			defaultConfigurationName = Release;
		};
		312BE9DA23ACCD7E007B82D2 /* Build configuration list for PBXNativeTarget "BookWorm" */ = {
			isa = XCConfigurationList;
			buildConfigurations = (
				312BE9DB23ACCD7E007B82D2 /* Debug */,
				312BE9DC23ACCD7E007B82D2 /* Release */,
			);
			defaultConfigurationIsVisible = 0;
			defaultConfigurationName = Release;
		};
/* End XCConfigurationList section */

/* Begin XCVersionGroup section */
		312BE9CA23ACCD7A007B82D2 /* BookWorm.xcdatamodeld */ = {
			isa = XCVersionGroup;
			children = (
				312BE9CB23ACCD7A007B82D2 /* BookWorm.xcdatamodel */,
			);
			currentVersion = 312BE9CB23ACCD7A007B82D2 /* BookWorm.xcdatamodel */;
			path = BookWorm.xcdatamodeld;
			sourceTree = "<group>";
			versionGroupType = wrapper.xcdatamodel;
		};
/* End XCVersionGroup section */
	};
	rootObject = 312BE9BB23ACCD7A007B82D2 /* Project object */;
}
