// !$*UTF8*$!
{
	archiveVersion = 1;
	classes = {
	};
	objectVersion = 50;
	objects = {

/* Begin PBXBuildFile section */
		31F45BA1237E806B0097D062 /* AppDelegate.swift in Sources */ = {isa = PBXBuildFile; fileRef = 31F45BA0237E806B0097D062 /* AppDelegate.swift */; };
		31F45BA3237E806B0097D062 /* SceneDelegate.swift in Sources */ = {isa = PBXBuildFile; fileRef = 31F45BA2237E806B0097D062 /* SceneDelegate.swift */; };
		31F45BA6237E806B0097D062 /* Drawing3.xcdatamodeld in Sources */ = {isa = PBXBuildFile; fileRef = 31F45BA4237E806B0097D062 /* Drawing3.xcdatamodeld */; };
		31F45BA8237E806B0097D062 /* ContentView.swift in Sources */ = {isa = PBXBuildFile; fileRef = 31F45BA7237E806B0097D062 /* ContentView.swift */; };
		31F45BAA237E806E0097D062 /* Assets.xcassets in Resources */ = {isa = PBXBuildFile; fileRef = 31F45BA9237E806E0097D062 /* Assets.xcassets */; };
		31F45BAD237E806E0097D062 /* Preview Assets.xcassets in Resources */ = {isa = PBXBuildFile; fileRef = 31F45BAC237E806E0097D062 /* Preview Assets.xcassets */; };
		31F45BB0237E806E0097D062 /* LaunchScreen.storyboard in Resources */ = {isa = PBXBuildFile; fileRef = 31F45BAE237E806E0097D062 /* LaunchScreen.storyboard */; };
/* End PBXBuildFile section */

/* Begin PBXFileReference section */
		31F45B9D237E806B0097D062 /* Drawing3.app */ = {isa = PBXFileReference; explicitFileType = wrapper.application; includeInIndex = 0; path = Drawing3.app; sourceTree = BUILT_PRODUCTS_DIR; };
		31F45BA0237E806B0097D062 /* AppDelegate.swift */ = {isa = PBXFileReference; lastKnownFileType = sourcecode.swift; path = AppDelegate.swift; sourceTree = "<group>"; };
		31F45BA2237E806B0097D062 /* SceneDelegate.swift */ = {isa = PBXFileReference; lastKnownFileType = sourcecode.swift; path = SceneDelegate.swift; sourceTree = "<group>"; };
		31F45BA5237E806B0097D062 /* Drawing3.xcdatamodel */ = {isa = PBXFileReference; lastKnownFileType = wrapper.xcdatamodel; path = Drawing3.xcdatamodel; sourceTree = "<group>"; };
		31F45BA7237E806B0097D062 /* ContentView.swift */ = {isa = PBXFileReference; lastKnownFileType = sourcecode.swift; path = ContentView.swift; sourceTree = "<group>"; };
		31F45BA9237E806E0097D062 /* Assets.xcassets */ = {isa = PBXFileReference; lastKnownFileType = folder.assetcatalog; path = Assets.xcassets; sourceTree = "<group>"; };
		31F45BAC237E806E0097D062 /* Preview Assets.xcassets */ = {isa = PBXFileReference; lastKnownFileType = folder.assetcatalog; path = "Preview Assets.xcassets"; sourceTree = "<group>"; };
		31F45BAF237E806E0097D062 /* Base */ = {isa = PBXFileReference; lastKnownFileType = file.storyboard; name = Base; path = Base.lproj/LaunchScreen.storyboard; sourceTree = "<group>"; };
		31F45BB1237E806E0097D062 /* Info.plist */ = {isa = PBXFileReference; lastKnownFileType = text.plist.xml; path = Info.plist; sourceTree = "<group>"; };
/* End PBXFileReference section */

/* Begin PBXFrameworksBuildPhase section */
		31F45B9A237E806B0097D062 /* Frameworks */ = {
			isa = PBXFrameworksBuildPhase;
			buildActionMask = 2147483647;
			files = (
			);
			runOnlyForDeploymentPostprocessing = 0;
		};
/* End PBXFrameworksBuildPhase section */

/* Begin PBXGroup section */
		31F45B94237E806B0097D062 = {
			isa = PBXGroup;
			children = (
				31F45B9F237E806B0097D062 /* Drawing3 */,
				31F45B9E237E806B0097D062 /* Products */,
			);
			sourceTree = "<group>";
		};
		31F45B9E237E806B0097D062 /* Products */ = {
			isa = PBXGroup;
			children = (
				31F45B9D237E806B0097D062 /* Drawing3.app */,
			);
			name = Products;
			sourceTree = "<group>";
		};
		31F45B9F237E806B0097D062 /* Drawing3 */ = {
			isa = PBXGroup;
			children = (
				31F45BA0237E806B0097D062 /* AppDelegate.swift */,
				31F45BA2237E806B0097D062 /* SceneDelegate.swift */,
				31F45BA7237E806B0097D062 /* ContentView.swift */,
				31F45BA9237E806E0097D062 /* Assets.xcassets */,
				31F45BAE237E806E0097D062 /* LaunchScreen.storyboard */,
				31F45BB1237E806E0097D062 /* Info.plist */,
				31F45BA4237E806B0097D062 /* Drawing3.xcdatamodeld */,
				31F45BAB237E806E0097D062 /* Preview Content */,
			);
			path = Drawing3;
			sourceTree = "<group>";
		};
		31F45BAB237E806E0097D062 /* Preview Content */ = {
			isa = PBXGroup;
			children = (
				31F45BAC237E806E0097D062 /* Preview Assets.xcassets */,
			);
			path = "Preview Content";
			sourceTree = "<group>";
		};
/* End PBXGroup section */

/* Begin PBXNativeTarget section */
		31F45B9C237E806B0097D062 /* Drawing3 */ = {
			isa = PBXNativeTarget;
			buildConfigurationList = 31F45BB4237E806E0097D062 /* Build configuration list for PBXNativeTarget "Drawing3" */;
			buildPhases = (
				31F45B99237E806B0097D062 /* Sources */,
				31F45B9A237E806B0097D062 /* Frameworks */,
				31F45B9B237E806B0097D062 /* Resources */,
			);
			buildRules = (
			);
			dependencies = (
			);
			name = Drawing3;
			productName = Drawing3;
			productReference = 31F45B9D237E806B0097D062 /* Drawing3.app */;
			productType = "com.apple.product-type.application";
		};
/* End PBXNativeTarget section */

/* Begin PBXProject section */
		31F45B95237E806B0097D062 /* Project object */ = {
			isa = PBXProject;
			attributes = {
				LastSwiftUpdateCheck = 1120;
				LastUpgradeCheck = 1120;
				ORGANIZATIONNAME = "Ramit sharma";
				TargetAttributes = {
					31F45B9C237E806B0097D062 = {
						CreatedOnToolsVersion = 11.2.1;
					};
				};
			};
			buildConfigurationList = 31F45B98237E806B0097D062 /* Build configuration list for PBXProject "Drawing3" */;
			compatibilityVersion = "Xcode 9.3";
			developmentRegion = en;
			hasScannedForEncodings = 0;
			knownRegions = (
				en,
				Base,
			);
			mainGroup = 31F45B94237E806B0097D062;
			productRefGroup = 31F45B9E237E806B0097D062 /* Products */;
			projectDirPath = "";
			projectRoot = "";
			targets = (
				31F45B9C237E806B0097D062 /* Drawing3 */,
			);
		};
/* End PBXProject section */

/* Begin PBXResourcesBuildPhase section */
		31F45B9B237E806B0097D062 /* Resources */ = {
			isa = PBXResourcesBuildPhase;
			buildActionMask = 2147483647;
			files = (
				31F45BB0237E806E0097D062 /* LaunchScreen.storyboard in Resources */,
				31F45BAD237E806E0097D062 /* Preview Assets.xcassets in Resources */,
				31F45BAA237E806E0097D062 /* Assets.xcassets in Resources */,
			);
			runOnlyForDeploymentPostprocessing = 0;
		};
/* End PBXResourcesBuildPhase section */

/* Begin PBXSourcesBuildPhase section */
		31F45B99237E806B0097D062 /* Sources */ = {
			isa = PBXSourcesBuildPhase;
			buildActionMask = 2147483647;
			files = (
				31F45BA1237E806B0097D062 /* AppDelegate.swift in Sources */,
				31F45BA6237E806B0097D062 /* Drawing3.xcdatamodeld in Sources */,
				31F45BA8237E806B0097D062 /* ContentView.swift in Sources */,
				31F45BA3237E806B0097D062 /* SceneDelegate.swift in Sources */,
			);
			runOnlyForDeploymentPostprocessing = 0;
		};
/* End PBXSourcesBuildPhase section */

/* Begin PBXVariantGroup section */
		31F45BAE237E806E0097D062 /* LaunchScreen.storyboard */ = {
			isa = PBXVariantGroup;
			children = (
				31F45BAF237E806E0097D062 /* Base */,
			);
			name = LaunchScreen.storyboard;
			sourceTree = "<group>";
		};
/* End PBXVariantGroup section */

/* Begin XCBuildConfiguration section */
		31F45BB2237E806E0097D062 /* Debug */ = {
			isa = XCBuildConfiguration;
			buildSettings = {
				ALWAYS_SEARCH_USER_PATHS = NO;
				CLANG_ANALYZER_NONNULL = YES;
				CLANG_ANALYZER_NUMBER_OBJECT_CONVERSION = YES_AGGRESSIVE;
				CLANG_CXX_LANGUAGE_STANDARD = "gnu++14";
				CLANG_CXX_LIBRARY = "libc++";
				CLANG_ENABLE_MODULES = YES;
				CLANG_ENABLE_OBJC_ARC = YES;
				CLANG_ENABLE_OBJC_WEAK = YES;
				CLANG_WARN_BLOCK_CAPTURE_AUTORELEASING = YES;
				CLANG_WARN_BOOL_CONVERSION = YES;
				CLANG_WARN_COMMA = YES;
				CLANG_WARN_CONSTANT_CONVERSION = YES;
				CLANG_WARN_DEPRECATED_OBJC_IMPLEMENTATIONS = YES;
				CLANG_WARN_DIRECT_OBJC_ISA_USAGE = YES_ERROR;
				CLANG_WARN_DOCUMENTATION_COMMENTS = YES;
				CLANG_WARN_EMPTY_BODY = YES;
				CLANG_WARN_ENUM_CONVERSION = YES;
				CLANG_WARN_INFINITE_RECURSION = YES;
				CLANG_WARN_INT_CONVERSION = YES;
				CLANG_WARN_NON_LITERAL_NULL_CONVERSION = YES;
				CLANG_WARN_OBJC_IMPLICIT_RETAIN_SELF = YES;
				CLANG_WARN_OBJC_LITERAL_CONVERSION = YES;
				CLANG_WARN_OBJC_ROOT_CLASS = YES_ERROR;
				CLANG_WARN_RANGE_LOOP_ANALYSIS = YES;
				CLANG_WARN_STRICT_PROTOTYPES = YES;
				CLANG_WARN_SUSPICIOUS_MOVE = YES;
				CLANG_WARN_UNGUARDED_AVAILABILITY = YES_AGGRESSIVE;
				CLANG_WARN_UNREACHABLE_CODE = YES;
				CLANG_WARN__DUPLICATE_METHOD_MATCH = YES;
				COPY_PHASE_STRIP = NO;
				DEBUG_INFORMATION_FORMAT = dwarf;
				ENABLE_STRICT_OBJC_MSGSEND = YES;
				ENABLE_TESTABILITY = YES;
				GCC_C_LANGUAGE_STANDARD = gnu11;
				GCC_DYNAMIC_NO_PIC = NO;
				GCC_NO_COMMON_BLOCKS = YES;
				GCC_OPTIMIZATION_LEVEL = 0;
				GCC_PREPROCESSOR_DEFINITIONS = (
					"DEBUG=1",
					"$(inherited)",
				);
				GCC_WARN_64_TO_32_BIT_CONVERSION = YES;
				GCC_WARN_ABOUT_RETURN_TYPE = YES_ERROR;
				GCC_WARN_UNDECLARED_SELECTOR = YES;
				GCC_WARN_UNINITIALIZED_AUTOS = YES_AGGRESSIVE;
				GCC_WARN_UNUSED_FUNCTION = YES;
				GCC_WARN_UNUSED_VARIABLE = YES;
				IPHONEOS_DEPLOYMENT_TARGET = 13.2;
				MTL_ENABLE_DEBUG_INFO = INCLUDE_SOURCE;
				MTL_FAST_MATH = YES;
				ONLY_ACTIVE_ARCH = YES;
				SDKROOT = iphoneos;
				SWIFT_ACTIVE_COMPILATION_CONDITIONS = DEBUG;
				SWIFT_OPTIMIZATION_LEVEL = "-Onone";
			};
			name = Debug;
		};
		31F45BB3237E806E0097D062 /* Release */ = {
			isa = XCBuildConfiguration;
			buildSettings = {
				ALWAYS_SEARCH_USER_PATHS = NO;
				CLANG_ANALYZER_NONNULL = YES;
				CLANG_ANALYZER_NUMBER_OBJECT_CONVERSION = YES_AGGRESSIVE;
				CLANG_CXX_LANGUAGE_STANDARD = "gnu++14";
				CLANG_CXX_LIBRARY = "libc++";
				CLANG_ENABLE_MODULES = YES;
				CLANG_ENABLE_OBJC_ARC = YES;
				CLANG_ENABLE_OBJC_WEAK = YES;
				CLANG_WARN_BLOCK_CAPTURE_AUTORELEASING = YES;
				CLANG_WARN_BOOL_CONVERSION = YES;
				CLANG_WARN_COMMA = YES;
				CLANG_WARN_CONSTANT_CONVERSION = YES;
				CLANG_WARN_DEPRECATED_OBJC_IMPLEMENTATIONS = YES;
				CLANG_WARN_DIRECT_OBJC_ISA_USAGE = YES_ERROR;
				CLANG_WARN_DOCUMENTATION_COMMENTS = YES;
				CLANG_WARN_EMPTY_BODY = YES;
				CLANG_WARN_ENUM_CONVERSION = YES;
				CLANG_WARN_INFINITE_RECURSION = YES;
				CLANG_WARN_INT_CONVERSION = YES;
				CLANG_WARN_NON_LITERAL_NULL_CONVERSION = YES;
				CLANG_WARN_OBJC_IMPLICIT_RETAIN_SELF = YES;
				CLANG_WARN_OBJC_LITERAL_CONVERSION = YES;
				CLANG_WARN_OBJC_ROOT_CLASS = YES_ERROR;
				CLANG_WARN_RANGE_LOOP_ANALYSIS = YES;
				CLANG_WARN_STRICT_PROTOTYPES = YES;
				CLANG_WARN_SUSPICIOUS_MOVE = YES;
				CLANG_WARN_UNGUARDED_AVAILABILITY = YES_AGGRESSIVE;
				CLANG_WARN_UNREACHABLE_CODE = YES;
				CLANG_WARN__DUPLICATE_METHOD_MATCH = YES;
				COPY_PHASE_STRIP = NO;
				DEBUG_INFORMATION_FORMAT = "dwarf-with-dsym";
				ENABLE_NS_ASSERTIONS = NO;
				ENABLE_STRICT_OBJC_MSGSEND = YES;
				GCC_C_LANGUAGE_STANDARD = gnu11;
				GCC_NO_COMMON_BLOCKS = YES;
				GCC_WARN_64_TO_32_BIT_CONVERSION = YES;
				GCC_WARN_ABOUT_RETURN_TYPE = YES_ERROR;
				GCC_WARN_UNDECLARED_SELECTOR = YES;
				GCC_WARN_UNINITIALIZED_AUTOS = YES_AGGRESSIVE;
				GCC_WARN_UNUSED_FUNCTION = YES;
				GCC_WARN_UNUSED_VARIABLE = YES;
				IPHONEOS_DEPLOYMENT_TARGET = 13.2;
				MTL_ENABLE_DEBUG_INFO = NO;
				MTL_FAST_MATH = YES;
				SDKROOT = iphoneos;
				SWIFT_COMPILATION_MODE = wholemodule;
				SWIFT_OPTIMIZATION_LEVEL = "-O";
				VALIDATE_PRODUCT = YES;
			};
			name = Release;
		};
		31F45BB5237E806E0097D062 /* Debug */ = {
			isa = XCBuildConfiguration;
			buildSettings = {
				ASSETCATALOG_COMPILER_APPICON_NAME = AppIcon;
				CODE_SIGN_STYLE = Automatic;
				DEVELOPMENT_ASSET_PATHS = "\"Drawing3/Preview Content\"";
				DEVELOPMENT_TEAM = L79F55H896;
				ENABLE_PREVIEWS = YES;
				INFOPLIST_FILE = Drawing3/Info.plist;
				LD_RUNPATH_SEARCH_PATHS = (
					"$(inherited)",
					"@executable_path/Frameworks",
				);
				PRODUCT_BUNDLE_IDENTIFIER = TestCorps.Drawing3;
				PRODUCT_NAME = "$(TARGET_NAME)";
				SWIFT_VERSION = 5.0;
				TARGETED_DEVICE_FAMILY = "1,2";
			};
			name = Debug;
		};
		31F45BB6237E806E0097D062 /* Release */ = {
			isa = XCBuildConfiguration;
			buildSettings = {
				ASSETCATALOG_COMPILER_APPICON_NAME = AppIcon;
				CODE_SIGN_STYLE = Automatic;
				DEVELOPMENT_ASSET_PATHS = "\"Drawing3/Preview Content\"";
				DEVELOPMENT_TEAM = L79F55H896;
				ENABLE_PREVIEWS = YES;
				INFOPLIST_FILE = Drawing3/Info.plist;
				LD_RUNPATH_SEARCH_PATHS = (
					"$(inherited)",
					"@executable_path/Frameworks",
				);
				PRODUCT_BUNDLE_IDENTIFIER = TestCorps.Drawing3;
				PRODUCT_NAME = "$(TARGET_NAME)";
				SWIFT_VERSION = 5.0;
				TARGETED_DEVICE_FAMILY = "1,2";
			};
			name = Release;
		};
/* End XCBuildConfiguration section */

/* Begin XCConfigurationList section */
		31F45B98237E806B0097D062 /* Build configuration list for PBXProject "Drawing3" */ = {
			isa = XCConfigurationList;
			buildConfigurations = (
				31F45BB2237E806E0097D062 /* Debug */,
				31F45BB3237E806E0097D062 /* Release */,
			);
			defaultConfigurationIsVisible = 0;
			defaultConfigurationName = Release;
		};
		31F45BB4237E806E0097D062 /* Build configuration list for PBXNativeTarget "Drawing3" */ = {
			isa = XCConfigurationList;
			buildConfigurations = (
				31F45BB5237E806E0097D062 /* Debug */,
				31F45BB6237E806E0097D062 /* Release */,
			);
			defaultConfigurationIsVisible = 0;
			defaultConfigurationName = Release;
		};
/* End XCConfigurationList section */

/* Begin XCVersionGroup section */
		31F45BA4237E806B0097D062 /* Drawing3.xcdatamodeld */ = {
			isa = XCVersionGroup;
			children = (
				31F45BA5237E806B0097D062 /* Drawing3.xcdatamodel */,
			);
			currentVersion = 31F45BA5237E806B0097D062 /* Drawing3.xcdatamodel */;
			path = Drawing3.xcdatamodeld;
			sourceTree = "<group>";
			versionGroupType = wrapper.xcdatamodel;
		};
/* End XCVersionGroup section */
	};
	rootObject = 31F45B95237E806B0097D062 /* Project object */;
}
