// !$*UTF8*$!
{
	archiveVersion = 1;
	classes = {
	};
	objectVersion = 50;
	objects = {

/* Begin PBXBuildFile section */
		313A98E423741B280078566C /* AppDelegate.swift in Sources */ = {isa = PBXBuildFile; fileRef = 313A98E323741B280078566C /* AppDelegate.swift */; };
		313A98E623741B280078566C /* SceneDelegate.swift in Sources */ = {isa = PBXBuildFile; fileRef = 313A98E523741B280078566C /* SceneDelegate.swift */; };
		313A98E923741B280078566C /* LongShot.xcdatamodeld in Sources */ = {isa = PBXBuildFile; fileRef = 313A98E723741B280078566C /* LongShot.xcdatamodeld */; };
		313A98EB23741B280078566C /* ContentView.swift in Sources */ = {isa = PBXBuildFile; fileRef = 313A98EA23741B280078566C /* ContentView.swift */; };
		313A98ED23741B2D0078566C /* Assets.xcassets in Resources */ = {isa = PBXBuildFile; fileRef = 313A98EC23741B2D0078566C /* Assets.xcassets */; };
		313A98F023741B2D0078566C /* Preview Assets.xcassets in Resources */ = {isa = PBXBuildFile; fileRef = 313A98EF23741B2D0078566C /* Preview Assets.xcassets */; };
		313A98F323741B2D0078566C /* LaunchScreen.storyboard in Resources */ = {isa = PBXBuildFile; fileRef = 313A98F123741B2D0078566C /* LaunchScreen.storyboard */; };
/* End PBXBuildFile section */

/* Begin PBXFileReference section */
		313A98E023741B280078566C /* LongShot.app */ = {isa = PBXFileReference; explicitFileType = wrapper.application; includeInIndex = 0; path = LongShot.app; sourceTree = BUILT_PRODUCTS_DIR; };
		313A98E323741B280078566C /* AppDelegate.swift */ = {isa = PBXFileReference; lastKnownFileType = sourcecode.swift; path = AppDelegate.swift; sourceTree = "<group>"; };
		313A98E523741B280078566C /* SceneDelegate.swift */ = {isa = PBXFileReference; lastKnownFileType = sourcecode.swift; path = SceneDelegate.swift; sourceTree = "<group>"; };
		313A98E823741B280078566C /* LongShot.xcdatamodel */ = {isa = PBXFileReference; lastKnownFileType = wrapper.xcdatamodel; path = LongShot.xcdatamodel; sourceTree = "<group>"; };
		313A98EA23741B280078566C /* ContentView.swift */ = {isa = PBXFileReference; lastKnownFileType = sourcecode.swift; path = ContentView.swift; sourceTree = "<group>"; };
		313A98EC23741B2D0078566C /* Assets.xcassets */ = {isa = PBXFileReference; lastKnownFileType = folder.assetcatalog; path = Assets.xcassets; sourceTree = "<group>"; };
		313A98EF23741B2D0078566C /* Preview Assets.xcassets */ = {isa = PBXFileReference; lastKnownFileType = folder.assetcatalog; path = "Preview Assets.xcassets"; sourceTree = "<group>"; };
		313A98F223741B2D0078566C /* Base */ = {isa = PBXFileReference; lastKnownFileType = file.storyboard; name = Base; path = Base.lproj/LaunchScreen.storyboard; sourceTree = "<group>"; };
		313A98F423741B2D0078566C /* Info.plist */ = {isa = PBXFileReference; lastKnownFileType = text.plist.xml; path = Info.plist; sourceTree = "<group>"; };
/* End PBXFileReference section */

/* Begin PBXFrameworksBuildPhase section */
		313A98DD23741B280078566C /* Frameworks */ = {
			isa = PBXFrameworksBuildPhase;
			buildActionMask = 2147483647;
			files = (
			);
			runOnlyForDeploymentPostprocessing = 0;
		};
/* End PBXFrameworksBuildPhase section */

/* Begin PBXGroup section */
		313A98D723741B280078566C = {
			isa = PBXGroup;
			children = (
				313A98E223741B280078566C /* LongShot */,
				313A98E123741B280078566C /* Products */,
			);
			sourceTree = "<group>";
		};
		313A98E123741B280078566C /* Products */ = {
			isa = PBXGroup;
			children = (
				313A98E023741B280078566C /* LongShot.app */,
			);
			name = Products;
			sourceTree = "<group>";
		};
		313A98E223741B280078566C /* LongShot */ = {
			isa = PBXGroup;
			children = (
				313A98E323741B280078566C /* AppDelegate.swift */,
				313A98E523741B280078566C /* SceneDelegate.swift */,
				313A98EA23741B280078566C /* ContentView.swift */,
				313A98EC23741B2D0078566C /* Assets.xcassets */,
				313A98F123741B2D0078566C /* LaunchScreen.storyboard */,
				313A98F423741B2D0078566C /* Info.plist */,
				313A98E723741B280078566C /* LongShot.xcdatamodeld */,
				313A98EE23741B2D0078566C /* Preview Content */,
			);
			path = LongShot;
			sourceTree = "<group>";
		};
		313A98EE23741B2D0078566C /* Preview Content */ = {
			isa = PBXGroup;
			children = (
				313A98EF23741B2D0078566C /* Preview Assets.xcassets */,
			);
			path = "Preview Content";
			sourceTree = "<group>";
		};
/* End PBXGroup section */

/* Begin PBXNativeTarget section */
		313A98DF23741B280078566C /* LongShot */ = {
			isa = PBXNativeTarget;
			buildConfigurationList = 313A98F723741B2D0078566C /* Build configuration list for PBXNativeTarget "LongShot" */;
			buildPhases = (
				313A98DC23741B280078566C /* Sources */,
				313A98DD23741B280078566C /* Frameworks */,
				313A98DE23741B280078566C /* Resources */,
			);
			buildRules = (
			);
			dependencies = (
			);
			name = LongShot;
			productName = LongShot;
			productReference = 313A98E023741B280078566C /* LongShot.app */;
			productType = "com.apple.product-type.application";
		};
/* End PBXNativeTarget section */

/* Begin PBXProject section */
		313A98D823741B280078566C /* Project object */ = {
			isa = PBXProject;
			attributes = {
				LastSwiftUpdateCheck = 1120;
				LastUpgradeCheck = 1120;
				ORGANIZATIONNAME = "Ramit sharma";
				TargetAttributes = {
					313A98DF23741B280078566C = {
						CreatedOnToolsVersion = 11.2;
					};
				};
			};
			buildConfigurationList = 313A98DB23741B280078566C /* Build configuration list for PBXProject "LongShot" */;
			compatibilityVersion = "Xcode 9.3";
			developmentRegion = en;
			hasScannedForEncodings = 0;
			knownRegions = (
				en,
				Base,
			);
			mainGroup = 313A98D723741B280078566C;
			productRefGroup = 313A98E123741B280078566C /* Products */;
			projectDirPath = "";
			projectRoot = "";
			targets = (
				313A98DF23741B280078566C /* LongShot */,
			);
		};
/* End PBXProject section */

/* Begin PBXResourcesBuildPhase section */
		313A98DE23741B280078566C /* Resources */ = {
			isa = PBXResourcesBuildPhase;
			buildActionMask = 2147483647;
			files = (
				313A98F323741B2D0078566C /* LaunchScreen.storyboard in Resources */,
				313A98F023741B2D0078566C /* Preview Assets.xcassets in Resources */,
				313A98ED23741B2D0078566C /* Assets.xcassets in Resources */,
			);
			runOnlyForDeploymentPostprocessing = 0;
		};
/* End PBXResourcesBuildPhase section */

/* Begin PBXSourcesBuildPhase section */
		313A98DC23741B280078566C /* Sources */ = {
			isa = PBXSourcesBuildPhase;
			buildActionMask = 2147483647;
			files = (
				313A98E423741B280078566C /* AppDelegate.swift in Sources */,
				313A98E623741B280078566C /* SceneDelegate.swift in Sources */,
				313A98EB23741B280078566C /* ContentView.swift in Sources */,
				313A98E923741B280078566C /* LongShot.xcdatamodeld in Sources */,
			);
			runOnlyForDeploymentPostprocessing = 0;
		};
/* End PBXSourcesBuildPhase section */

/* Begin PBXVariantGroup section */
		313A98F123741B2D0078566C /* LaunchScreen.storyboard */ = {
			isa = PBXVariantGroup;
			children = (
				313A98F223741B2D0078566C /* Base */,
			);
			name = LaunchScreen.storyboard;
			sourceTree = "<group>";
		};
/* End PBXVariantGroup section */

/* Begin XCBuildConfiguration section */
		313A98F523741B2D0078566C /* Debug */ = {
			isa = XCBuildConfiguration;
			buildSettings = {
				ALWAYS_SEARCH_USER_PATHS = NO;
				CLANG_ANALYZER_NONNULL = YES;
				CLANG_ANALYZER_NUMBER_OBJECT_CONVERSION = YES_AGGRESSIVE;
				CLANG_CXX_LANGUAGE_STANDARD = "gnu++14";
				CLANG_CXX_LIBRARY = "libc++";
				CLANG_ENABLE_MODULES = YES;
				CLANG_ENABLE_OBJC_ARC = YES;
				CLANG_ENABLE_OBJC_WEAK = YES;
				CLANG_WARN_BLOCK_CAPTURE_AUTORELEASING = YES;
				CLANG_WARN_BOOL_CONVERSION = YES;
				CLANG_WARN_COMMA = YES;
				CLANG_WARN_CONSTANT_CONVERSION = YES;
				CLANG_WARN_DEPRECATED_OBJC_IMPLEMENTATIONS = YES;
				CLANG_WARN_DIRECT_OBJC_ISA_USAGE = YES_ERROR;
				CLANG_WARN_DOCUMENTATION_COMMENTS = YES;
				CLANG_WARN_EMPTY_BODY = YES;
				CLANG_WARN_ENUM_CONVERSION = YES;
				CLANG_WARN_INFINITE_RECURSION = YES;
				CLANG_WARN_INT_CONVERSION = YES;
				CLANG_WARN_NON_LITERAL_NULL_CONVERSION = YES;
				CLANG_WARN_OBJC_IMPLICIT_RETAIN_SELF = YES;
				CLANG_WARN_OBJC_LITERAL_CONVERSION = YES;
				CLANG_WARN_OBJC_ROOT_CLASS = YES_ERROR;
				CLANG_WARN_RANGE_LOOP_ANALYSIS = YES;
				CLANG_WARN_STRICT_PROTOTYPES = YES;
				CLANG_WARN_SUSPICIOUS_MOVE = YES;
				CLANG_WARN_UNGUARDED_AVAILABILITY = YES_AGGRESSIVE;
				CLANG_WARN_UNREACHABLE_CODE = YES;
				CLANG_WARN__DUPLICATE_METHOD_MATCH = YES;
				COPY_PHASE_STRIP = NO;
				DEBUG_INFORMATION_FORMAT = dwarf;
				ENABLE_STRICT_OBJC_MSGSEND = YES;
				ENABLE_TESTABILITY = YES;
				GCC_C_LANGUAGE_STANDARD = gnu11;
				GCC_DYNAMIC_NO_PIC = NO;
				GCC_NO_COMMON_BLOCKS = YES;
				GCC_OPTIMIZATION_LEVEL = 0;
				GCC_PREPROCESSOR_DEFINITIONS = (
					"DEBUG=1",
					"$(inherited)",
				);
				GCC_WARN_64_TO_32_BIT_CONVERSION = YES;
				GCC_WARN_ABOUT_RETURN_TYPE = YES_ERROR;
				GCC_WARN_UNDECLARED_SELECTOR = YES;
				GCC_WARN_UNINITIALIZED_AUTOS = YES_AGGRESSIVE;
				GCC_WARN_UNUSED_FUNCTION = YES;
				GCC_WARN_UNUSED_VARIABLE = YES;
				IPHONEOS_DEPLOYMENT_TARGET = 13.2;
				MTL_ENABLE_DEBUG_INFO = INCLUDE_SOURCE;
				MTL_FAST_MATH = YES;
				ONLY_ACTIVE_ARCH = YES;
				SDKROOT = iphoneos;
				SWIFT_ACTIVE_COMPILATION_CONDITIONS = DEBUG;
				SWIFT_OPTIMIZATION_LEVEL = "-Onone";
			};
			name = Debug;
		};
		313A98F623741B2D0078566C /* Release */ = {
			isa = XCBuildConfiguration;
			buildSettings = {
				ALWAYS_SEARCH_USER_PATHS = NO;
				CLANG_ANALYZER_NONNULL = YES;
				CLANG_ANALYZER_NUMBER_OBJECT_CONVERSION = YES_AGGRESSIVE;
				CLANG_CXX_LANGUAGE_STANDARD = "gnu++14";
				CLANG_CXX_LIBRARY = "libc++";
				CLANG_ENABLE_MODULES = YES;
				CLANG_ENABLE_OBJC_ARC = YES;
				CLANG_ENABLE_OBJC_WEAK = YES;
				CLANG_WARN_BLOCK_CAPTURE_AUTORELEASING = YES;
				CLANG_WARN_BOOL_CONVERSION = YES;
				CLANG_WARN_COMMA = YES;
				CLANG_WARN_CONSTANT_CONVERSION = YES;
				CLANG_WARN_DEPRECATED_OBJC_IMPLEMENTATIONS = YES;
				CLANG_WARN_DIRECT_OBJC_ISA_USAGE = YES_ERROR;
				CLANG_WARN_DOCUMENTATION_COMMENTS = YES;
				CLANG_WARN_EMPTY_BODY = YES;
				CLANG_WARN_ENUM_CONVERSION = YES;
				CLANG_WARN_INFINITE_RECURSION = YES;
				CLANG_WARN_INT_CONVERSION = YES;
				CLANG_WARN_NON_LITERAL_NULL_CONVERSION = YES;
				CLANG_WARN_OBJC_IMPLICIT_RETAIN_SELF = YES;
				CLANG_WARN_OBJC_LITERAL_CONVERSION = YES;
				CLANG_WARN_OBJC_ROOT_CLASS = YES_ERROR;
				CLANG_WARN_RANGE_LOOP_ANALYSIS = YES;
				CLANG_WARN_STRICT_PROTOTYPES = YES;
				CLANG_WARN_SUSPICIOUS_MOVE = YES;
				CLANG_WARN_UNGUARDED_AVAILABILITY = YES_AGGRESSIVE;
				CLANG_WARN_UNREACHABLE_CODE = YES;
				CLANG_WARN__DUPLICATE_METHOD_MATCH = YES;
				COPY_PHASE_STRIP = NO;
				DEBUG_INFORMATION_FORMAT = "dwarf-with-dsym";
				ENABLE_NS_ASSERTIONS = NO;
				ENABLE_STRICT_OBJC_MSGSEND = YES;
				GCC_C_LANGUAGE_STANDARD = gnu11;
				GCC_NO_COMMON_BLOCKS = YES;
				GCC_WARN_64_TO_32_BIT_CONVERSION = YES;
				GCC_WARN_ABOUT_RETURN_TYPE = YES_ERROR;
				GCC_WARN_UNDECLARED_SELECTOR = YES;
				GCC_WARN_UNINITIALIZED_AUTOS = YES_AGGRESSIVE;
				GCC_WARN_UNUSED_FUNCTION = YES;
				GCC_WARN_UNUSED_VARIABLE = YES;
				IPHONEOS_DEPLOYMENT_TARGET = 13.2;
				MTL_ENABLE_DEBUG_INFO = NO;
				MTL_FAST_MATH = YES;
				SDKROOT = iphoneos;
				SWIFT_COMPILATION_MODE = wholemodule;
				SWIFT_OPTIMIZATION_LEVEL = "-O";
				VALIDATE_PRODUCT = YES;
			};
			name = Release;
		};
		313A98F823741B2D0078566C /* Debug */ = {
			isa = XCBuildConfiguration;
			buildSettings = {
				ASSETCATALOG_COMPILER_APPICON_NAME = AppIcon;
				CODE_SIGN_STYLE = Automatic;
				DEVELOPMENT_ASSET_PATHS = "\"LongShot/Preview Content\"";
				DEVELOPMENT_TEAM = L79F55H896;
				ENABLE_PREVIEWS = YES;
				INFOPLIST_FILE = LongShot/Info.plist;
				LD_RUNPATH_SEARCH_PATHS = (
					"$(inherited)",
					"@executable_path/Frameworks",
				);
				PRODUCT_BUNDLE_IDENTIFIER = TestCorps.LongShot;
				PRODUCT_NAME = "$(TARGET_NAME)";
				SWIFT_VERSION = 5.0;
				TARGETED_DEVICE_FAMILY = "1,2";
			};
			name = Debug;
		};
		313A98F923741B2D0078566C /* Release */ = {
			isa = XCBuildConfiguration;
			buildSettings = {
				ASSETCATALOG_COMPILER_APPICON_NAME = AppIcon;
				CODE_SIGN_STYLE = Automatic;
				DEVELOPMENT_ASSET_PATHS = "\"LongShot/Preview Content\"";
				DEVELOPMENT_TEAM = L79F55H896;
				ENABLE_PREVIEWS = YES;
				INFOPLIST_FILE = LongShot/Info.plist;
				LD_RUNPATH_SEARCH_PATHS = (
					"$(inherited)",
					"@executable_path/Frameworks",
				);
				PRODUCT_BUNDLE_IDENTIFIER = TestCorps.LongShot;
				PRODUCT_NAME = "$(TARGET_NAME)";
				SWIFT_VERSION = 5.0;
				TARGETED_DEVICE_FAMILY = "1,2";
			};
			name = Release;
		};
/* End XCBuildConfiguration section */

/* Begin XCConfigurationList section */
		313A98DB23741B280078566C /* Build configuration list for PBXProject "LongShot" */ = {
			isa = XCConfigurationList;
			buildConfigurations = (
				313A98F523741B2D0078566C /* Debug */,
				313A98F623741B2D0078566C /* Release */,
			);
			defaultConfigurationIsVisible = 0;
			defaultConfigurationName = Release;
		};
		313A98F723741B2D0078566C /* Build configuration list for PBXNativeTarget "LongShot" */ = {
			isa = XCConfigurationList;
			buildConfigurations = (
				313A98F823741B2D0078566C /* Debug */,
				313A98F923741B2D0078566C /* Release */,
			);
			defaultConfigurationIsVisible = 0;
			defaultConfigurationName = Release;
		};
/* End XCConfigurationList section */

/* Begin XCVersionGroup section */
		313A98E723741B280078566C /* LongShot.xcdatamodeld */ = {
			isa = XCVersionGroup;
			children = (
				313A98E823741B280078566C /* LongShot.xcdatamodel */,
			);
			currentVersion = 313A98E823741B280078566C /* LongShot.xcdatamodel */;
			path = LongShot.xcdatamodeld;
			sourceTree = "<group>";
			versionGroupType = wrapper.xcdatamodel;
		};
/* End XCVersionGroup section */
	};
	rootObject = 313A98D823741B280078566C /* Project object */;
}
