// !$*UTF8*$!
{
	archiveVersion = 1;
	classes = {
	};
	objectVersion = 50;
	objects = {

/* Begin PBXBuildFile section */
		310E09EA233B6AC800D3B073 /* ItemDetail.swift in Sources */ = {isa = PBXBuildFile; fileRef = 310E09E9233B6AC800D3B073 /* ItemDetail.swift */; };
		310E09EC233BE8CF00D3B073 /* OrderView.swift in Sources */ = {isa = PBXBuildFile; fileRef = 310E09EB233BE8CF00D3B073 /* OrderView.swift */; };
		3138546D234B1D0E00A77C52 /* CheckoutView.swift in Sources */ = {isa = PBXBuildFile; fileRef = 3138546C234B1D0E00A77C52 /* CheckoutView.swift */; };
		3144578E23337BFF009CF845 /* AppDelegate.swift in Sources */ = {isa = PBXBuildFile; fileRef = 3144578D23337BFF009CF845 /* AppDelegate.swift */; };
		3144579023337BFF009CF845 /* SceneDelegate.swift in Sources */ = {isa = PBXBuildFile; fileRef = 3144578F23337BFF009CF845 /* SceneDelegate.swift */; };
		3144579323337BFF009CF845 /* DineTime.xcdatamodeld in Sources */ = {isa = PBXBuildFile; fileRef = 3144579123337BFF009CF845 /* DineTime.xcdatamodeld */; };
		3144579523337BFF009CF845 /* ContentView.swift in Sources */ = {isa = PBXBuildFile; fileRef = 3144579423337BFF009CF845 /* ContentView.swift */; };
		3144579723337C00009CF845 /* Assets.xcassets in Resources */ = {isa = PBXBuildFile; fileRef = 3144579623337C00009CF845 /* Assets.xcassets */; };
		3144579A23337C00009CF845 /* Preview Assets.xcassets in Resources */ = {isa = PBXBuildFile; fileRef = 3144579923337C00009CF845 /* Preview Assets.xcassets */; };
		3144579D23337C00009CF845 /* LaunchScreen.storyboard in Resources */ = {isa = PBXBuildFile; fileRef = 3144579B23337C00009CF845 /* LaunchScreen.storyboard */; };
		314457A523337C61009CF845 /* Helper.swift in Sources */ = {isa = PBXBuildFile; fileRef = 314457A423337C61009CF845 /* Helper.swift */; };
		314457A823337C9A009CF845 /* Order.swift in Sources */ = {isa = PBXBuildFile; fileRef = 314457A623337C9A009CF845 /* Order.swift */; };
		314457A923337C9A009CF845 /* Menu.swift in Sources */ = {isa = PBXBuildFile; fileRef = 314457A723337C9A009CF845 /* Menu.swift */; };
		314457AB23337CC6009CF845 /* menu.json in Resources */ = {isa = PBXBuildFile; fileRef = 314457AA23337CC6009CF845 /* menu.json */; };
		314457AD233392B2009CF845 /* ItemRow.swift in Sources */ = {isa = PBXBuildFile; fileRef = 314457AC233392B2009CF845 /* ItemRow.swift */; };
		31B8E9D3233E1DB50072ABEA /* AppView.swift in Sources */ = {isa = PBXBuildFile; fileRef = 31B8E9D2233E1DB50072ABEA /* AppView.swift */; };
/* End PBXBuildFile section */

/* Begin PBXFileReference section */
		310E09E9233B6AC800D3B073 /* ItemDetail.swift */ = {isa = PBXFileReference; lastKnownFileType = sourcecode.swift; path = ItemDetail.swift; sourceTree = "<group>"; };
		310E09EB233BE8CF00D3B073 /* OrderView.swift */ = {isa = PBXFileReference; lastKnownFileType = sourcecode.swift; path = OrderView.swift; sourceTree = "<group>"; };
		3138546C234B1D0E00A77C52 /* CheckoutView.swift */ = {isa = PBXFileReference; lastKnownFileType = sourcecode.swift; path = CheckoutView.swift; sourceTree = "<group>"; };
		3144578A23337BFF009CF845 /* DineTime.app */ = {isa = PBXFileReference; explicitFileType = wrapper.application; includeInIndex = 0; path = DineTime.app; sourceTree = BUILT_PRODUCTS_DIR; };
		3144578D23337BFF009CF845 /* AppDelegate.swift */ = {isa = PBXFileReference; lastKnownFileType = sourcecode.swift; path = AppDelegate.swift; sourceTree = "<group>"; };
		3144578F23337BFF009CF845 /* SceneDelegate.swift */ = {isa = PBXFileReference; lastKnownFileType = sourcecode.swift; path = SceneDelegate.swift; sourceTree = "<group>"; };
		3144579223337BFF009CF845 /* DineTime.xcdatamodel */ = {isa = PBXFileReference; lastKnownFileType = wrapper.xcdatamodel; path = DineTime.xcdatamodel; sourceTree = "<group>"; };
		3144579423337BFF009CF845 /* ContentView.swift */ = {isa = PBXFileReference; lastKnownFileType = sourcecode.swift; path = ContentView.swift; sourceTree = "<group>"; };
		3144579623337C00009CF845 /* Assets.xcassets */ = {isa = PBXFileReference; lastKnownFileType = folder.assetcatalog; path = Assets.xcassets; sourceTree = "<group>"; };
		3144579923337C00009CF845 /* Preview Assets.xcassets */ = {isa = PBXFileReference; lastKnownFileType = folder.assetcatalog; path = "Preview Assets.xcassets"; sourceTree = "<group>"; };
		3144579C23337C00009CF845 /* Base */ = {isa = PBXFileReference; lastKnownFileType = file.storyboard; name = Base; path = Base.lproj/LaunchScreen.storyboard; sourceTree = "<group>"; };
		3144579E23337C00009CF845 /* Info.plist */ = {isa = PBXFileReference; lastKnownFileType = text.plist.xml; path = Info.plist; sourceTree = "<group>"; };
		314457A423337C61009CF845 /* Helper.swift */ = {isa = PBXFileReference; fileEncoding = 4; lastKnownFileType = sourcecode.swift; path = Helper.swift; sourceTree = "<group>"; };
		314457A623337C9A009CF845 /* Order.swift */ = {isa = PBXFileReference; fileEncoding = 4; lastKnownFileType = sourcecode.swift; path = Order.swift; sourceTree = "<group>"; };
		314457A723337C9A009CF845 /* Menu.swift */ = {isa = PBXFileReference; fileEncoding = 4; lastKnownFileType = sourcecode.swift; path = Menu.swift; sourceTree = "<group>"; };
		314457AA23337CC6009CF845 /* menu.json */ = {isa = PBXFileReference; fileEncoding = 4; lastKnownFileType = text.json; path = menu.json; sourceTree = "<group>"; };
		314457AC233392B2009CF845 /* ItemRow.swift */ = {isa = PBXFileReference; lastKnownFileType = sourcecode.swift; path = ItemRow.swift; sourceTree = "<group>"; };
		31B8E9D2233E1DB50072ABEA /* AppView.swift */ = {isa = PBXFileReference; lastKnownFileType = sourcecode.swift; path = AppView.swift; sourceTree = "<group>"; };
/* End PBXFileReference section */

/* Begin PBXFrameworksBuildPhase section */
		3144578723337BFF009CF845 /* Frameworks */ = {
			isa = PBXFrameworksBuildPhase;
			buildActionMask = 2147483647;
			files = (
			);
			runOnlyForDeploymentPostprocessing = 0;
		};
/* End PBXFrameworksBuildPhase section */

/* Begin PBXGroup section */
		3144578123337BFF009CF845 = {
			isa = PBXGroup;
			children = (
				3144578C23337BFF009CF845 /* DineTime */,
				3144578B23337BFF009CF845 /* Products */,
			);
			sourceTree = "<group>";
		};
		3144578B23337BFF009CF845 /* Products */ = {
			isa = PBXGroup;
			children = (
				3144578A23337BFF009CF845 /* DineTime.app */,
			);
			name = Products;
			sourceTree = "<group>";
		};
		3144578C23337BFF009CF845 /* DineTime */ = {
			isa = PBXGroup;
			children = (
				3144578D23337BFF009CF845 /* AppDelegate.swift */,
				3144578F23337BFF009CF845 /* SceneDelegate.swift */,
				3144579423337BFF009CF845 /* ContentView.swift */,
				3138546C234B1D0E00A77C52 /* CheckoutView.swift */,
				31B8E9D2233E1DB50072ABEA /* AppView.swift */,
				314457AC233392B2009CF845 /* ItemRow.swift */,
				314457A423337C61009CF845 /* Helper.swift */,
				314457A723337C9A009CF845 /* Menu.swift */,
				310E09EB233BE8CF00D3B073 /* OrderView.swift */,
				310E09E9233B6AC800D3B073 /* ItemDetail.swift */,
				314457A623337C9A009CF845 /* Order.swift */,
				314457AA23337CC6009CF845 /* menu.json */,
				3144579623337C00009CF845 /* Assets.xcassets */,
				3144579B23337C00009CF845 /* LaunchScreen.storyboard */,
				3144579E23337C00009CF845 /* Info.plist */,
				3144579123337BFF009CF845 /* DineTime.xcdatamodeld */,
				3144579823337C00009CF845 /* Preview Content */,
			);
			path = DineTime;
			sourceTree = "<group>";
		};
		3144579823337C00009CF845 /* Preview Content */ = {
			isa = PBXGroup;
			children = (
				3144579923337C00009CF845 /* Preview Assets.xcassets */,
			);
			path = "Preview Content";
			sourceTree = "<group>";
		};
/* End PBXGroup section */

/* Begin PBXNativeTarget section */
		3144578923337BFF009CF845 /* DineTime */ = {
			isa = PBXNativeTarget;
			buildConfigurationList = 314457A123337C00009CF845 /* Build configuration list for PBXNativeTarget "DineTime" */;
			buildPhases = (
				3144578623337BFF009CF845 /* Sources */,
				3144578723337BFF009CF845 /* Frameworks */,
				3144578823337BFF009CF845 /* Resources */,
			);
			buildRules = (
			);
			dependencies = (
			);
			name = DineTime;
			productName = DineTime;
			productReference = 3144578A23337BFF009CF845 /* DineTime.app */;
			productType = "com.apple.product-type.application";
		};
/* End PBXNativeTarget section */

/* Begin PBXProject section */
		3144578223337BFF009CF845 /* Project object */ = {
			isa = PBXProject;
			attributes = {
				LastSwiftUpdateCheck = 1100;
				LastUpgradeCheck = 1100;
				ORGANIZATIONNAME = "Ramit sharma";
				TargetAttributes = {
					3144578923337BFF009CF845 = {
						CreatedOnToolsVersion = 11.0;
					};
				};
			};
			buildConfigurationList = 3144578523337BFF009CF845 /* Build configuration list for PBXProject "DineTime" */;
			compatibilityVersion = "Xcode 9.3";
			developmentRegion = en;
			hasScannedForEncodings = 0;
			knownRegions = (
				en,
				Base,
			);
			mainGroup = 3144578123337BFF009CF845;
			productRefGroup = 3144578B23337BFF009CF845 /* Products */;
			projectDirPath = "";
			projectRoot = "";
			targets = (
				3144578923337BFF009CF845 /* DineTime */,
			);
		};
/* End PBXProject section */

/* Begin PBXResourcesBuildPhase section */
		3144578823337BFF009CF845 /* Resources */ = {
			isa = PBXResourcesBuildPhase;
			buildActionMask = 2147483647;
			files = (
				3144579D23337C00009CF845 /* LaunchScreen.storyboard in Resources */,
				3144579A23337C00009CF845 /* Preview Assets.xcassets in Resources */,
				314457AB23337CC6009CF845 /* menu.json in Resources */,
				3144579723337C00009CF845 /* Assets.xcassets in Resources */,
			);
			runOnlyForDeploymentPostprocessing = 0;
		};
/* End PBXResourcesBuildPhase section */

/* Begin PBXSourcesBuildPhase section */
		3144578623337BFF009CF845 /* Sources */ = {
			isa = PBXSourcesBuildPhase;
			buildActionMask = 2147483647;
			files = (
				314457A823337C9A009CF845 /* Order.swift in Sources */,
				3144578E23337BFF009CF845 /* AppDelegate.swift in Sources */,
				3138546D234B1D0E00A77C52 /* CheckoutView.swift in Sources */,
				314457A923337C9A009CF845 /* Menu.swift in Sources */,
				3144579323337BFF009CF845 /* DineTime.xcdatamodeld in Sources */,
				31B8E9D3233E1DB50072ABEA /* AppView.swift in Sources */,
				310E09EA233B6AC800D3B073 /* ItemDetail.swift in Sources */,
				314457A523337C61009CF845 /* Helper.swift in Sources */,
				3144579523337BFF009CF845 /* ContentView.swift in Sources */,
				3144579023337BFF009CF845 /* SceneDelegate.swift in Sources */,
				314457AD233392B2009CF845 /* ItemRow.swift in Sources */,
				310E09EC233BE8CF00D3B073 /* OrderView.swift in Sources */,
			);
			runOnlyForDeploymentPostprocessing = 0;
		};
/* End PBXSourcesBuildPhase section */

/* Begin PBXVariantGroup section */
		3144579B23337C00009CF845 /* LaunchScreen.storyboard */ = {
			isa = PBXVariantGroup;
			children = (
				3144579C23337C00009CF845 /* Base */,
			);
			name = LaunchScreen.storyboard;
			sourceTree = "<group>";
		};
/* End PBXVariantGroup section */

/* Begin XCBuildConfiguration section */
		3144579F23337C00009CF845 /* Debug */ = {
			isa = XCBuildConfiguration;
			buildSettings = {
				ALWAYS_SEARCH_USER_PATHS = NO;
				CLANG_ANALYZER_NONNULL = YES;
				CLANG_ANALYZER_NUMBER_OBJECT_CONVERSION = YES_AGGRESSIVE;
				CLANG_CXX_LANGUAGE_STANDARD = "gnu++14";
				CLANG_CXX_LIBRARY = "libc++";
				CLANG_ENABLE_MODULES = YES;
				CLANG_ENABLE_OBJC_ARC = YES;
				CLANG_ENABLE_OBJC_WEAK = YES;
				CLANG_WARN_BLOCK_CAPTURE_AUTORELEASING = YES;
				CLANG_WARN_BOOL_CONVERSION = YES;
				CLANG_WARN_COMMA = YES;
				CLANG_WARN_CONSTANT_CONVERSION = YES;
				CLANG_WARN_DEPRECATED_OBJC_IMPLEMENTATIONS = YES;
				CLANG_WARN_DIRECT_OBJC_ISA_USAGE = YES_ERROR;
				CLANG_WARN_DOCUMENTATION_COMMENTS = YES;
				CLANG_WARN_EMPTY_BODY = YES;
				CLANG_WARN_ENUM_CONVERSION = YES;
				CLANG_WARN_INFINITE_RECURSION = YES;
				CLANG_WARN_INT_CONVERSION = YES;
				CLANG_WARN_NON_LITERAL_NULL_CONVERSION = YES;
				CLANG_WARN_OBJC_IMPLICIT_RETAIN_SELF = YES;
				CLANG_WARN_OBJC_LITERAL_CONVERSION = YES;
				CLANG_WARN_OBJC_ROOT_CLASS = YES_ERROR;
				CLANG_WARN_RANGE_LOOP_ANALYSIS = YES;
				CLANG_WARN_STRICT_PROTOTYPES = YES;
				CLANG_WARN_SUSPICIOUS_MOVE = YES;
				CLANG_WARN_UNGUARDED_AVAILABILITY = YES_AGGRESSIVE;
				CLANG_WARN_UNREACHABLE_CODE = YES;
				CLANG_WARN__DUPLICATE_METHOD_MATCH = YES;
				COPY_PHASE_STRIP = NO;
				DEBUG_INFORMATION_FORMAT = dwarf;
				ENABLE_STRICT_OBJC_MSGSEND = YES;
				ENABLE_TESTABILITY = YES;
				GCC_C_LANGUAGE_STANDARD = gnu11;
				GCC_DYNAMIC_NO_PIC = NO;
				GCC_NO_COMMON_BLOCKS = YES;
				GCC_OPTIMIZATION_LEVEL = 0;
				GCC_PREPROCESSOR_DEFINITIONS = (
					"DEBUG=1",
					"$(inherited)",
				);
				GCC_WARN_64_TO_32_BIT_CONVERSION = YES;
				GCC_WARN_ABOUT_RETURN_TYPE = YES_ERROR;
				GCC_WARN_UNDECLARED_SELECTOR = YES;
				GCC_WARN_UNINITIALIZED_AUTOS = YES_AGGRESSIVE;
				GCC_WARN_UNUSED_FUNCTION = YES;
				GCC_WARN_UNUSED_VARIABLE = YES;
				IPHONEOS_DEPLOYMENT_TARGET = 13.0;
				MTL_ENABLE_DEBUG_INFO = INCLUDE_SOURCE;
				MTL_FAST_MATH = YES;
				ONLY_ACTIVE_ARCH = YES;
				SDKROOT = iphoneos;
				SWIFT_ACTIVE_COMPILATION_CONDITIONS = DEBUG;
				SWIFT_OPTIMIZATION_LEVEL = "-Onone";
			};
			name = Debug;
		};
		314457A023337C00009CF845 /* Release */ = {
			isa = XCBuildConfiguration;
			buildSettings = {
				ALWAYS_SEARCH_USER_PATHS = NO;
				CLANG_ANALYZER_NONNULL = YES;
				CLANG_ANALYZER_NUMBER_OBJECT_CONVERSION = YES_AGGRESSIVE;
				CLANG_CXX_LANGUAGE_STANDARD = "gnu++14";
				CLANG_CXX_LIBRARY = "libc++";
				CLANG_ENABLE_MODULES = YES;
				CLANG_ENABLE_OBJC_ARC = YES;
				CLANG_ENABLE_OBJC_WEAK = YES;
				CLANG_WARN_BLOCK_CAPTURE_AUTORELEASING = YES;
				CLANG_WARN_BOOL_CONVERSION = YES;
				CLANG_WARN_COMMA = YES;
				CLANG_WARN_CONSTANT_CONVERSION = YES;
				CLANG_WARN_DEPRECATED_OBJC_IMPLEMENTATIONS = YES;
				CLANG_WARN_DIRECT_OBJC_ISA_USAGE = YES_ERROR;
				CLANG_WARN_DOCUMENTATION_COMMENTS = YES;
				CLANG_WARN_EMPTY_BODY = YES;
				CLANG_WARN_ENUM_CONVERSION = YES;
				CLANG_WARN_INFINITE_RECURSION = YES;
				CLANG_WARN_INT_CONVERSION = YES;
				CLANG_WARN_NON_LITERAL_NULL_CONVERSION = YES;
				CLANG_WARN_OBJC_IMPLICIT_RETAIN_SELF = YES;
				CLANG_WARN_OBJC_LITERAL_CONVERSION = YES;
				CLANG_WARN_OBJC_ROOT_CLASS = YES_ERROR;
				CLANG_WARN_RANGE_LOOP_ANALYSIS = YES;
				CLANG_WARN_STRICT_PROTOTYPES = YES;
				CLANG_WARN_SUSPICIOUS_MOVE = YES;
				CLANG_WARN_UNGUARDED_AVAILABILITY = YES_AGGRESSIVE;
				CLANG_WARN_UNREACHABLE_CODE = YES;
				CLANG_WARN__DUPLICATE_METHOD_MATCH = YES;
				COPY_PHASE_STRIP = NO;
				DEBUG_INFORMATION_FORMAT = "dwarf-with-dsym";
				ENABLE_NS_ASSERTIONS = NO;
				ENABLE_STRICT_OBJC_MSGSEND = YES;
				GCC_C_LANGUAGE_STANDARD = gnu11;
				GCC_NO_COMMON_BLOCKS = YES;
				GCC_WARN_64_TO_32_BIT_CONVERSION = YES;
				GCC_WARN_ABOUT_RETURN_TYPE = YES_ERROR;
				GCC_WARN_UNDECLARED_SELECTOR = YES;
				GCC_WARN_UNINITIALIZED_AUTOS = YES_AGGRESSIVE;
				GCC_WARN_UNUSED_FUNCTION = YES;
				GCC_WARN_UNUSED_VARIABLE = YES;
				IPHONEOS_DEPLOYMENT_TARGET = 13.0;
				MTL_ENABLE_DEBUG_INFO = NO;
				MTL_FAST_MATH = YES;
				SDKROOT = iphoneos;
				SWIFT_COMPILATION_MODE = wholemodule;
				SWIFT_OPTIMIZATION_LEVEL = "-O";
				VALIDATE_PRODUCT = YES;
			};
			name = Release;
		};
		314457A223337C00009CF845 /* Debug */ = {
			isa = XCBuildConfiguration;
			buildSettings = {
				ASSETCATALOG_COMPILER_APPICON_NAME = AppIcon;
				CODE_SIGN_STYLE = Automatic;
				DEVELOPMENT_ASSET_PATHS = "\"DineTime/Preview Content\"";
				DEVELOPMENT_TEAM = L79F55H896;
				ENABLE_PREVIEWS = YES;
				INFOPLIST_FILE = DineTime/Info.plist;
				LD_RUNPATH_SEARCH_PATHS = (
					"$(inherited)",
					"@executable_path/Frameworks",
				);
				PRODUCT_BUNDLE_IDENTIFIER = TestCorps.DineTime;
				PRODUCT_NAME = "$(TARGET_NAME)";
				SWIFT_VERSION = 5.0;
				TARGETED_DEVICE_FAMILY = "1,2";
			};
			name = Debug;
		};
		314457A323337C00009CF845 /* Release */ = {
			isa = XCBuildConfiguration;
			buildSettings = {
				ASSETCATALOG_COMPILER_APPICON_NAME = AppIcon;
				CODE_SIGN_STYLE = Automatic;
				DEVELOPMENT_ASSET_PATHS = "\"DineTime/Preview Content\"";
				DEVELOPMENT_TEAM = L79F55H896;
				ENABLE_PREVIEWS = YES;
				INFOPLIST_FILE = DineTime/Info.plist;
				LD_RUNPATH_SEARCH_PATHS = (
					"$(inherited)",
					"@executable_path/Frameworks",
				);
				PRODUCT_BUNDLE_IDENTIFIER = TestCorps.DineTime;
				PRODUCT_NAME = "$(TARGET_NAME)";
				SWIFT_VERSION = 5.0;
				TARGETED_DEVICE_FAMILY = "1,2";
			};
			name = Release;
		};
/* End XCBuildConfiguration section */

/* Begin XCConfigurationList section */
		3144578523337BFF009CF845 /* Build configuration list for PBXProject "DineTime" */ = {
			isa = XCConfigurationList;
			buildConfigurations = (
				3144579F23337C00009CF845 /* Debug */,
				314457A023337C00009CF845 /* Release */,
			);
			defaultConfigurationIsVisible = 0;
			defaultConfigurationName = Release;
		};
		314457A123337C00009CF845 /* Build configuration list for PBXNativeTarget "DineTime" */ = {
			isa = XCConfigurationList;
			buildConfigurations = (
				314457A223337C00009CF845 /* Debug */,
				314457A323337C00009CF845 /* Release */,
			);
			defaultConfigurationIsVisible = 0;
			defaultConfigurationName = Release;
		};
/* End XCConfigurationList section */

/* Begin XCVersionGroup section */
		3144579123337BFF009CF845 /* DineTime.xcdatamodeld */ = {
			isa = XCVersionGroup;
			children = (
				3144579223337BFF009CF845 /* DineTime.xcdatamodel */,
			);
			currentVersion = 3144579223337BFF009CF845 /* DineTime.xcdatamodel */;
			path = DineTime.xcdatamodeld;
			sourceTree = "<group>";
			versionGroupType = wrapper.xcdatamodel;
		};
/* End XCVersionGroup section */
	};
	rootObject = 3144578223337BFF009CF845 /* Project object */;
}
